
Microsoft Visual Studio Solution File, Format Version 12.00
# Visual Studio Version 16
VisualStudioVersion = 16.0.30309.148
MinimumVisualStudioVersion = 10.0.40219.1
Project("{FAE04EC0-301F-11D3-BF4B-00C04F79EFBC}") = "VideoVacuum.UI", "VideoVacuum.UI\VideoVacuum.UI.csproj", "{9C9605C5-9847-4B3B-8323-7588452205E6}"
EndProject
Project("{FAE04EC0-301F-11D3-BF4B-00C04F79EFBC}") = "VideoVacuum.BRL", "VideoVacuum.BRL\VideoVacuum.BRL.csproj", "{3E9FA35C-1772-4C3B-82A3-FAFA1BBBDD51}"
EndProject
Project("{FAE04EC0-301F-11D3-BF4B-00C04F79EFBC}") = "VideoVacuum.BRL.Tests", "VideoVacuum.BRL.Tests\VideoVacuum.BRL.Tests.csproj", "{D4950B8A-10CB-455A-A48E-7BACE621B045}"
EndProject
Global
	GlobalSection(SolutionConfigurationPlatforms) = preSolution
		Debug|Any CPU = Debug|Any CPU
		Release|Any CPU = Release|Any CPU
	EndGlobalSection
	GlobalSection(ProjectConfigurationPlatforms) = postSolution
		{9C9605C5-9847-4B3B-8323-7588452205E6}.Debug|Any CPU.ActiveCfg = Debug|Any CPU
		{9C9605C5-9847-4B3B-8323-7588452205E6}.Debug|Any CPU.Build.0 = Debug|Any CPU
		{9C9605C5-9847-4B3B-8323-7588452205E6}.Release|Any CPU.ActiveCfg = Release|Any CPU
		{9C9605C5-9847-4B3B-8323-7588452205E6}.Release|Any CPU.Build.0 = Release|Any CPU
		{3E9FA35C-1772-4C3B-82A3-FAFA1BBBDD51}.Debug|Any CPU.ActiveCfg = Debug|Any CPU
		{3E9FA35C-1772-4C3B-82A3-FAFA1BBBDD51}.Debug|Any CPU.Build.0 = Debug|Any CPU
		{3E9FA35C-1772-4C3B-82A3-FAFA1BBBDD51}.Release|Any CPU.ActiveCfg = Release|Any CPU
		{3E9FA35C-1772-4C3B-82A3-FAFA1BBBDD51}.Release|Any CPU.Build.0 = Release|Any CPU
		{D4950B8A-10CB-455A-A48E-7BACE621B045}.Debug|Any CPU.ActiveCfg = Debug|Any CPU
		{D4950B8A-10CB-455A-A48E-7BACE621B045}.Debug|Any CPU.Build.0 = Debug|Any CPU
		{D4950B8A-10CB-455A-A48E-7BACE621B045}.Release|Any CPU.ActiveCfg = Release|Any CPU
		{D4950B8A-10CB-455A-A48E-7BACE621B045}.Release|Any CPU.Build.0 = Release|Any CPU
	EndGlobalSection
	GlobalSection(SolutionProperties) = preSolution
		HideSolutionNode = FALSE
	EndGlobalSection
	GlobalSection(ExtensibilityGlobals) = postSolution
		SolutionGuid = {41AA37AC-1537-47D9-83EC-9D158901442E}
	EndGlobalSection
EndGlobal
